# This file is autogenerated, do not edit; changes may be undone by the next 'dep ensure'.


[[projects]]
  branch = "master"
  digest = "1:0391325545fbd2336ccbf2d0a34b14a4baedae46ef76b4ec6eeed2d46b493b73"
  name = "github.com/mmatczuk/go_generics"
  packages = [
    "cmd/go_generics",
    "cmd/go_merge",
    "globals",
  ]
  pruneopts = "UT"
  revision = "3da2db69cd0de80fb746a98a777143b4de2dd3c9"

[solve-meta]
  analyzer-name = "dep"
  analyzer-version = 1
  input-imports = [
    "github.com/mmatczuk/go_generics/cmd/go_generics",
    "github.com/mmatczuk/go_generics/cmd/go_merge",
  ]
  solver-name = "gps-cdcl"
  solver-version = 1
